
Microsoft Visual Studio Solution File, Format Version 12.00
# Visual Studio 15
VisualStudioVersion = 15.0.35431.46
MinimumVisualStudioVersion = 10.0.40219.1
Project("{FAE04EC0-301F-11D3-BF4B-00C04F79EFBC}") = "epic17", "epic17\epic17.csproj", "{59A1C0D9-6251-4FEA-9F8E-F1FE62C90474}"
EndProject
Global
	GlobalSection(SolutionConfigurationPlatforms) = preSolution
		Debug|Any CPU = Debug|Any CPU
		Release|Any CPU = Release|Any CPU
	EndGlobalSection
	GlobalSection(ProjectConfigurationPlatforms) = postSolution
		{59A1C0D9-6251-4FEA-9F8E-F1FE62C90474}.Debug|Any CPU.ActiveCfg = Debug|Any CPU
		{59A1C0D9-6251-4FEA-9F8E-F1FE62C90474}.Debug|Any CPU.Build.0 = Debug|Any CPU
		{59A1C0D9-6251-4FEA-9F8E-F1FE62C90474}.Release|Any CPU.ActiveCfg = Release|Any CPU
		{59A1C0D9-6251-4FEA-9F8E-F1FE62C90474}.Release|Any CPU.Build.0 = Release|Any CPU
	EndGlobalSection
	GlobalSection(SolutionProperties) = preSolution
		HideSolutionNode = FALSE
	EndGlobalSection
	GlobalSection(ExtensibilityGlobals) = postSolution
		SolutionGuid = {F127F853-BF15-452E-9EDB-7C74FF1EA2F9}
	EndGlobalSection
EndGlobal
